
Microsoft Visual Studio Solution File, Format Version 12.00
# Visual Studio Version 16
VisualStudioVersion = 16.0.30413.136
MinimumVisualStudioVersion = 10.0.40219.1
Project("{FAE04EC0-301F-11D3-BF4B-00C04F79EFBC}") = "AOC2020-5", "AOC2020-5\AOC2020-5.csproj", "{DF96E65B-D69D-4618-BDDC-36B31802590E}"
EndProject
Global
	GlobalSection(SolutionConfigurationPlatforms) = preSolution
		Debug|Any CPU = Debug|Any CPU
		Release|Any CPU = Release|Any CPU
	EndGlobalSection
	GlobalSection(ProjectConfigurationPlatforms) = postSolution
		{DF96E65B-D69D-4618-BDDC-36B31802590E}.Debug|Any CPU.ActiveCfg = Debug|Any CPU
		{DF96E65B-D69D-4618-BDDC-36B31802590E}.Debug|Any CPU.Build.0 = Debug|Any CPU
		{DF96E65B-D69D-4618-BDDC-36B31802590E}.Release|Any CPU.ActiveCfg = Release|Any CPU
		{DF96E65B-D69D-4618-BDDC-36B31802590E}.Release|Any CPU.Build.0 = Release|Any CPU
	EndGlobalSection
	GlobalSection(SolutionProperties) = preSolution
		HideSolutionNode = FALSE
	EndGlobalSection
	GlobalSection(ExtensibilityGlobals) = postSolution
		SolutionGuid = {54D6DDC7-0071-4AAC-8F20-8E22C976937F}
	EndGlobalSection
EndGlobal
